
Microsoft Visual Studio Solution File, Format Version 12.00
# Visual Studio Version 17
VisualStudioVersion = 17.9.34723.18
MinimumVisualStudioVersion = 10.0.40219.1
Project("{FAE04EC0-301F-11D3-BF4B-00C04F79EFBC}") = "AdapterPattern", "AdapterPattern\AdapterPattern.csproj", "{86FAFCB2-82E8-4C3F-822D-0ADC03F4261C}"
EndProject
Project("{FAE04EC0-301F-11D3-BF4B-00C04F79EFBC}") = "StepMailService", "StepMailService\StepMailService.csproj", "{C8EC39B7-2912-4D40-925E-543277C8D559}"
EndProject
Project("{FAE04EC0-301F-11D3-BF4B-00C04F79EFBC}") = "ProxyPattern", "ProxyPattern\ProxyPattern.csproj", "{9F77AA9C-44F2-44B7-A826-A641D2C67BF8}"
EndProject
Project("{FAE04EC0-301F-11D3-BF4B-00C04F79EFBC}") = "BridgePattern", "BridgePattern\BridgePattern.csproj", "{CA108DB6-0654-4D6D-8FF1-D0EFAC45F5CC}"
EndProject
Project("{FAE04EC0-301F-11D3-BF4B-00C04F79EFBC}") = "FlyWeight", "FlyWeight\FlyWeight.csproj", "{5669DF6B-C985-44C7-B16A-269E5005F8FD}"
EndProject
Global
	GlobalSection(SolutionConfigurationPlatforms) = preSolution
		Debug|Any CPU = Debug|Any CPU
		Release|Any CPU = Release|Any CPU
	EndGlobalSection
	GlobalSection(ProjectConfigurationPlatforms) = postSolution
		{86FAFCB2-82E8-4C3F-822D-0ADC03F4261C}.Debug|Any CPU.ActiveCfg = Debug|Any CPU
		{86FAFCB2-82E8-4C3F-822D-0ADC03F4261C}.Debug|Any CPU.Build.0 = Debug|Any CPU
		{86FAFCB2-82E8-4C3F-822D-0ADC03F4261C}.Release|Any CPU.ActiveCfg = Release|Any CPU
		{86FAFCB2-82E8-4C3F-822D-0ADC03F4261C}.Release|Any CPU.Build.0 = Release|Any CPU
		{C8EC39B7-2912-4D40-925E-543277C8D559}.Debug|Any CPU.ActiveCfg = Debug|Any CPU
		{C8EC39B7-2912-4D40-925E-543277C8D559}.Debug|Any CPU.Build.0 = Debug|Any CPU
		{C8EC39B7-2912-4D40-925E-543277C8D559}.Release|Any CPU.ActiveCfg = Release|Any CPU
		{C8EC39B7-2912-4D40-925E-543277C8D559}.Release|Any CPU.Build.0 = Release|Any CPU
		{9F77AA9C-44F2-44B7-A826-A641D2C67BF8}.Debug|Any CPU.ActiveCfg = Debug|Any CPU
		{9F77AA9C-44F2-44B7-A826-A641D2C67BF8}.Debug|Any CPU.Build.0 = Debug|Any CPU
		{9F77AA9C-44F2-44B7-A826-A641D2C67BF8}.Release|Any CPU.ActiveCfg = Release|Any CPU
		{9F77AA9C-44F2-44B7-A826-A641D2C67BF8}.Release|Any CPU.Build.0 = Release|Any CPU
		{CA108DB6-0654-4D6D-8FF1-D0EFAC45F5CC}.Debug|Any CPU.ActiveCfg = Debug|Any CPU
		{CA108DB6-0654-4D6D-8FF1-D0EFAC45F5CC}.Debug|Any CPU.Build.0 = Debug|Any CPU
		{CA108DB6-0654-4D6D-8FF1-D0EFAC45F5CC}.Release|Any CPU.ActiveCfg = Release|Any CPU
		{CA108DB6-0654-4D6D-8FF1-D0EFAC45F5CC}.Release|Any CPU.Build.0 = Release|Any CPU
		{5669DF6B-C985-44C7-B16A-269E5005F8FD}.Debug|Any CPU.ActiveCfg = Debug|Any CPU
		{5669DF6B-C985-44C7-B16A-269E5005F8FD}.Debug|Any CPU.Build.0 = Debug|Any CPU
		{5669DF6B-C985-44C7-B16A-269E5005F8FD}.Release|Any CPU.ActiveCfg = Release|Any CPU
		{5669DF6B-C985-44C7-B16A-269E5005F8FD}.Release|Any CPU.Build.0 = Release|Any CPU
	EndGlobalSection
	GlobalSection(SolutionProperties) = preSolution
		HideSolutionNode = FALSE
	EndGlobalSection
	GlobalSection(ExtensibilityGlobals) = postSolution
		SolutionGuid = {12A0F394-4AE7-4DFC-A3ED-373189F2E5FB}
	EndGlobalSection
EndGlobal
