
Microsoft Visual Studio Solution File, Format Version 12.00
# Visual Studio Version 17
VisualStudioVersion = 17.9.34723.18
MinimumVisualStudioVersion = 10.0.40219.1
Project("{FAE04EC0-301F-11D3-BF4B-00C04F79EFBC}") = "Lesson12DrinkWater", "Lesson12DrinkWater\Lesson12DrinkWater.csproj", "{ECCCBBA0-0744-4116-BDE8-E37C50021B03}"
EndProject
Global
	GlobalSection(SolutionConfigurationPlatforms) = preSolution
		Debug|Any CPU = Debug|Any CPU
		Release|Any CPU = Release|Any CPU
	EndGlobalSection
	GlobalSection(ProjectConfigurationPlatforms) = postSolution
		{ECCCBBA0-0744-4116-BDE8-E37C50021B03}.Debug|Any CPU.ActiveCfg = Debug|Any CPU
		{ECCCBBA0-0744-4116-BDE8-E37C50021B03}.Debug|Any CPU.Build.0 = Debug|Any CPU
		{ECCCBBA0-0744-4116-BDE8-E37C50021B03}.Release|Any CPU.ActiveCfg = Release|Any CPU
		{ECCCBBA0-0744-4116-BDE8-E37C50021B03}.Release|Any CPU.Build.0 = Release|Any CPU
	EndGlobalSection
	GlobalSection(SolutionProperties) = preSolution
		HideSolutionNode = FALSE
	EndGlobalSection
	GlobalSection(ExtensibilityGlobals) = postSolution
		SolutionGuid = {7698F92F-EE23-4EDC-9F51-56D1DF4ECB9D}
	EndGlobalSection
EndGlobal
