
Microsoft Visual Studio Solution File, Format Version 12.00
# Visual Studio Version 17
VisualStudioVersion = 17.9.34723.18
MinimumVisualStudioVersion = 10.0.40219.1
Project("{FAE04EC0-301F-11D3-BF4B-00C04F79EFBC}") = "Lesson14AdapterStreamSerialization", "Lesson14AdapterStreamSerialization\Lesson14AdapterStreamSerialization.csproj", "{74D08815-5A8D-49BB-9F0F-2E9C1C5D8D68}"
EndProject
Global
	GlobalSection(SolutionConfigurationPlatforms) = preSolution
		Debug|Any CPU = Debug|Any CPU
		Release|Any CPU = Release|Any CPU
	EndGlobalSection
	GlobalSection(ProjectConfigurationPlatforms) = postSolution
		{74D08815-5A8D-49BB-9F0F-2E9C1C5D8D68}.Debug|Any CPU.ActiveCfg = Debug|Any CPU
		{74D08815-5A8D-49BB-9F0F-2E9C1C5D8D68}.Debug|Any CPU.Build.0 = Debug|Any CPU
		{74D08815-5A8D-49BB-9F0F-2E9C1C5D8D68}.Release|Any CPU.ActiveCfg = Release|Any CPU
		{74D08815-5A8D-49BB-9F0F-2E9C1C5D8D68}.Release|Any CPU.Build.0 = Release|Any CPU
	EndGlobalSection
	GlobalSection(SolutionProperties) = preSolution
		HideSolutionNode = FALSE
	EndGlobalSection
	GlobalSection(ExtensibilityGlobals) = postSolution
		SolutionGuid = {7EA520BC-6373-4BFC-8F6E-89E0CE212ECB}
	EndGlobalSection
EndGlobal
