
Microsoft Visual Studio Solution File, Format Version 12.00
# Visual Studio Version 17
VisualStudioVersion = 17.9.34723.18
MinimumVisualStudioVersion = 10.0.40219.1
Project("{FAE04EC0-301F-11D3-BF4B-00C04F79EFBC}") = "Lesson6ExceptionHandlingReadonlyOperatorOverloadingIndexer", "Lesson6ExceptionHandlingReadonlyOperatorOverloadingIndexer\Lesson6ExceptionHandlingReadonlyOperatorOverloadingIndexer.csproj", "{8811886C-B579-4164-9777-3CF6CD4A6D95}"
EndProject
Project("{FAE04EC0-301F-11D3-BF4B-00C04F79EFBC}") = "Ecommerce", "Ecommerce\Ecommerce.csproj", "{9E44BD07-3818-41C9-8E11-AA934A5C8181}"
EndProject
Global
	GlobalSection(SolutionConfigurationPlatforms) = preSolution
		Debug|Any CPU = Debug|Any CPU
		Release|Any CPU = Release|Any CPU
	EndGlobalSection
	GlobalSection(ProjectConfigurationPlatforms) = postSolution
		{8811886C-B579-4164-9777-3CF6CD4A6D95}.Debug|Any CPU.ActiveCfg = Debug|Any CPU
		{8811886C-B579-4164-9777-3CF6CD4A6D95}.Debug|Any CPU.Build.0 = Debug|Any CPU
		{8811886C-B579-4164-9777-3CF6CD4A6D95}.Release|Any CPU.ActiveCfg = Release|Any CPU
		{8811886C-B579-4164-9777-3CF6CD4A6D95}.Release|Any CPU.Build.0 = Release|Any CPU
		{9E44BD07-3818-41C9-8E11-AA934A5C8181}.Debug|Any CPU.ActiveCfg = Debug|Any CPU
		{9E44BD07-3818-41C9-8E11-AA934A5C8181}.Debug|Any CPU.Build.0 = Debug|Any CPU
		{9E44BD07-3818-41C9-8E11-AA934A5C8181}.Release|Any CPU.ActiveCfg = Release|Any CPU
		{9E44BD07-3818-41C9-8E11-AA934A5C8181}.Release|Any CPU.Build.0 = Release|Any CPU
	EndGlobalSection
	GlobalSection(SolutionProperties) = preSolution
		HideSolutionNode = FALSE
	EndGlobalSection
	GlobalSection(ExtensibilityGlobals) = postSolution
		SolutionGuid = {4A812636-B1CD-4020-832A-BB44159F9A1B}
	EndGlobalSection
EndGlobal
